// !$*UTF8*$!
{
	archiveVersion = 1;
	classes = {
	};
	objectVersion = 46;
	objects = {

/* Begin PBXBuildFile section */
		D7C110E5198DBD1B008B2602 /* Foundation.framework in Frameworks */ = {isa = PBXBuildFile; fileRef = D7C110E4198DBD1B008B2602 /* Foundation.framework */; };
		D7C110E7198DBD1B008B2602 /* CoreGraphics.framework in Frameworks */ = {isa = PBXBuildFile; fileRef = D7C110E6198DBD1B008B2602 /* CoreGraphics.framework */; };
		D7C110E9198DBD1B008B2602 /* UIKit.framework in Frameworks */ = {isa = PBXBuildFile; fileRef = D7C110E8198DBD1B008B2602 /* UIKit.framework */; };
		D7C110EF198DBD1B008B2602 /* InfoPlist.strings in Resources */ = {isa = PBXBuildFile; fileRef = D7C110ED198DBD1B008B2602 /* InfoPlist.strings */; };
		D7C110F1198DBD1B008B2602 /* main.m in Sources */ = {isa = PBXBuildFile; fileRef = D7C110F0198DBD1B008B2602 /* main.m */; };
		D7C110F5198DBD1B008B2602 /* AppDelegate.m in Sources */ = {isa = PBXBuildFile; fileRef = D7C110F4198DBD1B008B2602 /* AppDelegate.m */; };
		D7C110F7198DBD1B008B2602 /* Images.xcassets in Resources */ = {isa = PBXBuildFile; fileRef = D7C110F6198DBD1B008B2602 /* Images.xcassets */; };
		D7C110FE198DBD1B008B2602 /* XCTest.framework in Frameworks */ = {isa = PBXBuildFile; fileRef = D7C110FD198DBD1B008B2602 /* XCTest.framework */; };
		D7C110FF198DBD1B008B2602 /* Foundation.framework in Frameworks */ = {isa = PBXBuildFile; fileRef = D7C110E4198DBD1B008B2602 /* Foundation.framework */; };
		D7C11100198DBD1B008B2602 /* UIKit.framework in Frameworks */ = {isa = PBXBuildFile; fileRef = D7C110E8198DBD1B008B2602 /* UIKit.framework */; };
		D7C11108198DBD1B008B2602 /* InfoPlist.strings in Resources */ = {isa = PBXBuildFile; fileRef = D7C11106198DBD1B008B2602 /* InfoPlist.strings */; };
		D7C1110A198DBD1B008B2602 /* ImageParserTests.m in Sources */ = {isa = PBXBuildFile; fileRef = D7C11109198DBD1B008B2602 /* ImageParserTests.m */; };
		D7C1111C198DBF80008B2602 /* ImageProcessing.mm in Sources */ = {isa = PBXBuildFile; fileRef = D7C1111B198DBF80008B2602 /* ImageProcessing.mm */; };
/* End PBXBuildFile section */

/* Begin PBXContainerItemProxy section */
		D7C11101198DBD1B008B2602 /* PBXContainerItemProxy */ = {
			isa = PBXContainerItemProxy;
			containerPortal = D7C110D9198DBD1B008B2602 /* Project object */;
			proxyType = 1;
			remoteGlobalIDString = D7C110E0198DBD1B008B2602;
			remoteInfo = ImageParser;
		};
/* End PBXContainerItemProxy section */

/* Begin PBXFileReference section */
		D7C110E1198DBD1B008B2602 /* ImageParser.app */ = {isa = PBXFileReference; explicitFileType = wrapper.application; includeInIndex = 0; path = ImageParser.app; sourceTree = BUILT_PRODUCTS_DIR; };
		D7C110E4198DBD1B008B2602 /* Foundation.framework */ = {isa = PBXFileReference; lastKnownFileType = wrapper.framework; name = Foundation.framework; path = System/Library/Frameworks/Foundation.framework; sourceTree = SDKROOT; };
		D7C110E6198DBD1B008B2602 /* CoreGraphics.framework */ = {isa = PBXFileReference; lastKnownFileType = wrapper.framework; name = CoreGraphics.framework; path = System/Library/Frameworks/CoreGraphics.framework; sourceTree = SDKROOT; };
		D7C110E8198DBD1B008B2602 /* UIKit.framework */ = {isa = PBXFileReference; lastKnownFileType = wrapper.framework; name = UIKit.framework; path = System/Library/Frameworks/UIKit.framework; sourceTree = SDKROOT; };
		D7C110EC198DBD1B008B2602 /* ImageParser-Info.plist */ = {isa = PBXFileReference; lastKnownFileType = text.plist.xml; path = "ImageParser-Info.plist"; sourceTree = "<group>"; };
		D7C110EE198DBD1B008B2602 /* en */ = {isa = PBXFileReference; lastKnownFileType = text.plist.strings; name = en; path = en.lproj/InfoPlist.strings; sourceTree = "<group>"; };
		D7C110F0198DBD1B008B2602 /* main.m */ = {isa = PBXFileReference; lastKnownFileType = sourcecode.c.objc; path = main.m; sourceTree = "<group>"; };
		D7C110F2198DBD1B008B2602 /* ImageParser-Prefix.pch */ = {isa = PBXFileReference; lastKnownFileType = sourcecode.c.h; path = "ImageParser-Prefix.pch"; sourceTree = "<group>"; };
		D7C110F3198DBD1B008B2602 /* AppDelegate.h */ = {isa = PBXFileReference; lastKnownFileType = sourcecode.c.h; path = AppDelegate.h; sourceTree = "<group>"; };
		D7C110F4198DBD1B008B2602 /* AppDelegate.m */ = {isa = PBXFileReference; lastKnownFileType = sourcecode.c.objc; path = AppDelegate.m; sourceTree = "<group>"; };
		D7C110F6198DBD1B008B2602 /* Images.xcassets */ = {isa = PBXFileReference; lastKnownFileType = folder.assetcatalog; path = Images.xcassets; sourceTree = "<group>"; };
		D7C110FC198DBD1B008B2602 /* ImageParserTests.xctest */ = {isa = PBXFileReference; explicitFileType = wrapper.cfbundle; includeInIndex = 0; path = ImageParserTests.xctest; sourceTree = BUILT_PRODUCTS_DIR; };
		D7C110FD198DBD1B008B2602 /* XCTest.framework */ = {isa = PBXFileReference; lastKnownFileType = wrapper.framework; name = XCTest.framework; path = Library/Frameworks/XCTest.framework; sourceTree = DEVELOPER_DIR; };
		D7C11105198DBD1B008B2602 /* ImageParserTests-Info.plist */ = {isa = PBXFileReference; lastKnownFileType = text.plist.xml; path = "ImageParserTests-Info.plist"; sourceTree = "<group>"; };
		D7C11107198DBD1B008B2602 /* en */ = {isa = PBXFileReference; lastKnownFileType = text.plist.strings; name = en; path = en.lproj/InfoPlist.strings; sourceTree = "<group>"; };
		D7C11109198DBD1B008B2602 /* ImageParserTests.m */ = {isa = PBXFileReference; lastKnownFileType = sourcecode.c.objc; path = ImageParserTests.m; sourceTree = "<group>"; };
		D7C1111B198DBF80008B2602 /* ImageProcessing.mm */ = {isa = PBXFileReference; fileEncoding = 4; lastKnownFileType = sourcecode.cpp.objcpp; path = ImageProcessing.mm; sourceTree = "<group>"; };
		D7C1111D198DBFBD008B2602 /* ImageProcessing.h */ = {isa = PBXFileReference; lastKnownFileType = sourcecode.c.h; path = ImageProcessing.h; sourceTree = "<group>"; };
/* End PBXFileReference section */

/* Begin PBXFrameworksBuildPhase section */
		D7C110DE198DBD1B008B2602 /* Frameworks */ = {
			isa = PBXFrameworksBuildPhase;
			buildActionMask = 2147483647;
			files = (
				D7C110E7198DBD1B008B2602 /* CoreGraphics.framework in Frameworks */,
				D7C110E9198DBD1B008B2602 /* UIKit.framework in Frameworks */,
				D7C110E5198DBD1B008B2602 /* Foundation.framework in Frameworks */,
			);
			runOnlyForDeploymentPostprocessing = 0;
		};
		D7C110F9198DBD1B008B2602 /* Frameworks */ = {
			isa = PBXFrameworksBuildPhase;
			buildActionMask = 2147483647;
			files = (
				D7C110FE198DBD1B008B2602 /* XCTest.framework in Frameworks */,
				D7C11100198DBD1B008B2602 /* UIKit.framework in Frameworks */,
				D7C110FF198DBD1B008B2602 /* Foundation.framework in Frameworks */,
			);
			runOnlyForDeploymentPostprocessing = 0;
		};
/* End PBXFrameworksBuildPhase section */

/* Begin PBXGroup section */
		D7C110D8198DBD1B008B2602 = {
			isa = PBXGroup;
			children = (
				D7C110EA198DBD1B008B2602 /* ImageParser */,
				D7C11103198DBD1B008B2602 /* ImageParserTests */,
				D7C110E3198DBD1B008B2602 /* Frameworks */,
				D7C110E2198DBD1B008B2602 /* Products */,
			);
			sourceTree = "<group>";
		};
		D7C110E2198DBD1B008B2602 /* Products */ = {
			isa = PBXGroup;
			children = (
				D7C110E1198DBD1B008B2602 /* ImageParser.app */,
				D7C110FC198DBD1B008B2602 /* ImageParserTests.xctest */,
			);
			name = Products;
			sourceTree = "<group>";
		};
		D7C110E3198DBD1B008B2602 /* Frameworks */ = {
			isa = PBXGroup;
			children = (
				D7C110E4198DBD1B008B2602 /* Foundation.framework */,
				D7C110E6198DBD1B008B2602 /* CoreGraphics.framework */,
				D7C110E8198DBD1B008B2602 /* UIKit.framework */,
				D7C110FD198DBD1B008B2602 /* XCTest.framework */,
			);
			name = Frameworks;
			sourceTree = "<group>";
		};
		D7C110EA198DBD1B008B2602 /* ImageParser */ = {
			isa = PBXGroup;
			children = (
				D7C110F3198DBD1B008B2602 /* AppDelegate.h */,
				D7C110F4198DBD1B008B2602 /* AppDelegate.m */,
				D7C1111B198DBF80008B2602 /* ImageProcessing.mm */,
				D7C1111D198DBFBD008B2602 /* ImageProcessing.h */,
				D7C110F6198DBD1B008B2602 /* Images.xcassets */,
				D7C110EB198DBD1B008B2602 /* Supporting Files */,
			);
			path = ImageParser;
			sourceTree = "<group>";
		};
		D7C110EB198DBD1B008B2602 /* Supporting Files */ = {
			isa = PBXGroup;
			children = (
				D7C110EC198DBD1B008B2602 /* ImageParser-Info.plist */,
				D7C110ED198DBD1B008B2602 /* InfoPlist.strings */,
				D7C110F0198DBD1B008B2602 /* main.m */,
				D7C110F2198DBD1B008B2602 /* ImageParser-Prefix.pch */,
			);
			name = "Supporting Files";
			sourceTree = "<group>";
		};
		D7C11103198DBD1B008B2602 /* ImageParserTests */ = {
			isa = PBXGroup;
			children = (
				D7C11109198DBD1B008B2602 /* ImageParserTests.m */,
				D7C11104198DBD1B008B2602 /* Supporting Files */,
			);
			path = ImageParserTests;
			sourceTree = "<group>";
		};
		D7C11104198DBD1B008B2602 /* Supporting Files */ = {
			isa = PBXGroup;
			children = (
				D7C11105198DBD1B008B2602 /* ImageParserTests-Info.plist */,
				D7C11106198DBD1B008B2602 /* InfoPlist.strings */,
			);
			name = "Supporting Files";
			sourceTree = "<group>";
		};
/* End PBXGroup section */

/* Begin PBXNativeTarget section */
		D7C110E0198DBD1B008B2602 /* ImageParser */ = {
			isa = PBXNativeTarget;
			buildConfigurationList = D7C1110D198DBD1B008B2602 /* Build configuration list for PBXNativeTarget "ImageParser" */;
			buildPhases = (
				D7C110DD198DBD1B008B2602 /* Sources */,
				D7C110DE198DBD1B008B2602 /* Frameworks */,
				D7C110DF198DBD1B008B2602 /* Resources */,
			);
			buildRules = (
			);
			dependencies = (
			);
			name = ImageParser;
			productName = ImageParser;
			productReference = D7C110E1198DBD1B008B2602 /* ImageParser.app */;
			productType = "com.apple.product-type.application";
		};
		D7C110FB198DBD1B008B2602 /* ImageParserTests */ = {
			isa = PBXNativeTarget;
			buildConfigurationList = D7C11110198DBD1B008B2602 /* Build configuration list for PBXNativeTarget "ImageParserTests" */;
			buildPhases = (
				D7C110F8198DBD1B008B2602 /* Sources */,
				D7C110F9198DBD1B008B2602 /* Frameworks */,
				D7C110FA198DBD1B008B2602 /* Resources */,
			);
			buildRules = (
			);
			dependencies = (
				D7C11102198DBD1B008B2602 /* PBXTargetDependency */,
			);
			name = ImageParserTests;
			productName = ImageParserTests;
			productReference = D7C110FC198DBD1B008B2602 /* ImageParserTests.xctest */;
			productType = "com.apple.product-type.bundle.unit-test";
		};
/* End PBXNativeTarget section */

/* Begin PBXProject section */
		D7C110D9198DBD1B008B2602 /* Project object */ = {
			isa = PBXProject;
			attributes = {
				LastUpgradeCheck = 0510;
				ORGANIZATIONNAME = TimLau;
				TargetAttributes = {
					D7C110FB198DBD1B008B2602 = {
						TestTargetID = D7C110E0198DBD1B008B2602;
					};
				};
			};
			buildConfigurationList = D7C110DC198DBD1B008B2602 /* Build configuration list for PBXProject "ImageParser" */;
			compatibilityVersion = "Xcode 3.2";
			developmentRegion = English;
			hasScannedForEncodings = 0;
			knownRegions = (
				en,
			);
			mainGroup = D7C110D8198DBD1B008B2602;
			productRefGroup = D7C110E2198DBD1B008B2602 /* Products */;
			projectDirPath = "";
			projectRoot = "";
			targets = (
				D7C110E0198DBD1B008B2602 /* ImageParser */,
				D7C110FB198DBD1B008B2602 /* ImageParserTests */,
			);
		};
/* End PBXProject section */

/* Begin PBXResourcesBuildPhase section */
		D7C110DF198DBD1B008B2602 /* Resources */ = {
			isa = PBXResourcesBuildPhase;
			buildActionMask = 2147483647;
			files = (
				D7C110EF198DBD1B008B2602 /* InfoPlist.strings in Resources */,
				D7C110F7198DBD1B008B2602 /* Images.xcassets in Resources */,
			);
			runOnlyForDeploymentPostprocessing = 0;
		};
		D7C110FA198DBD1B008B2602 /* Resources */ = {
			isa = PBXResourcesBuildPhase;
			buildActionMask = 2147483647;
			files = (
				D7C11108198DBD1B008B2602 /* InfoPlist.strings in Resources */,
			);
			runOnlyForDeploymentPostprocessing = 0;
		};
/* End PBXResourcesBuildPhase section */

/* Begin PBXSourcesBuildPhase section */
		D7C110DD198DBD1B008B2602 /* Sources */ = {
			isa = PBXSourcesBuildPhase;
			buildActionMask = 2147483647;
			files = (
				D7C110F5198DBD1B008B2602 /* AppDelegate.m in Sources */,
				D7C1111C198DBF80008B2602 /* ImageProcessing.mm in Sources */,
				D7C110F1198DBD1B008B2602 /* main.m in Sources */,
			);
			runOnlyForDeploymentPostprocessing = 0;
		};
		D7C110F8198DBD1B008B2602 /* Sources */ = {
			isa = PBXSourcesBuildPhase;
			buildActionMask = 2147483647;
			files = (
				D7C1110A198DBD1B008B2602 /* ImageParserTests.m in Sources */,
			);
			runOnlyForDeploymentPostprocessing = 0;
		};
/* End PBXSourcesBuildPhase section */

/* Begin PBXTargetDependency section */
		D7C11102198DBD1B008B2602 /* PBXTargetDependency */ = {
			isa = PBXTargetDependency;
			target = D7C110E0198DBD1B008B2602 /* ImageParser */;
			targetProxy = D7C11101198DBD1B008B2602 /* PBXContainerItemProxy */;
		};
/* End PBXTargetDependency section */

/* Begin PBXVariantGroup section */
		D7C110ED198DBD1B008B2602 /* InfoPlist.strings */ = {
			isa = PBXVariantGroup;
			children = (
				D7C110EE198DBD1B008B2602 /* en */,
			);
			name = InfoPlist.strings;
			sourceTree = "<group>";
		};
		D7C11106198DBD1B008B2602 /* InfoPlist.strings */ = {
			isa = PBXVariantGroup;
			children = (
				D7C11107198DBD1B008B2602 /* en */,
			);
			name = InfoPlist.strings;
			sourceTree = "<group>";
		};
/* End PBXVariantGroup section */

/* Begin XCBuildConfiguration section */
		D7C1110B198DBD1B008B2602 /* Debug */ = {
			isa = XCBuildConfiguration;
			buildSettings = {
				ALWAYS_SEARCH_USER_PATHS = NO;
				CLANG_CXX_LANGUAGE_STANDARD = "gnu++0x";
				CLANG_CXX_LIBRARY = "libc++";
				CLANG_ENABLE_MODULES = YES;
				CLANG_ENABLE_OBJC_ARC = YES;
				CLANG_WARN_BOOL_CONVERSION = YES;
				CLANG_WARN_CONSTANT_CONVERSION = YES;
				CLANG_WARN_DIRECT_OBJC_ISA_USAGE = YES_ERROR;
				CLANG_WARN_EMPTY_BODY = YES;
				CLANG_WARN_ENUM_CONVERSION = YES;
				CLANG_WARN_INT_CONVERSION = YES;
				CLANG_WARN_OBJC_ROOT_CLASS = YES_ERROR;
				CLANG_WARN__DUPLICATE_METHOD_MATCH = YES;
				"CODE_SIGN_IDENTITY[sdk=iphoneos*]" = "iPhone Developer";
				COPY_PHASE_STRIP = NO;
				GCC_C_LANGUAGE_STANDARD = gnu99;
				GCC_DYNAMIC_NO_PIC = NO;
				GCC_OPTIMIZATION_LEVEL = 0;
				GCC_PREPROCESSOR_DEFINITIONS = (
					"DEBUG=1",
					"$(inherited)",
				);
				GCC_SYMBOLS_PRIVATE_EXTERN = NO;
				GCC_WARN_64_TO_32_BIT_CONVERSION = YES;
				GCC_WARN_ABOUT_RETURN_TYPE = YES_ERROR;
				GCC_WARN_UNDECLARED_SELECTOR = YES;
				GCC_WARN_UNINITIALIZED_AUTOS = YES_AGGRESSIVE;
				GCC_WARN_UNUSED_FUNCTION = YES;
				GCC_WARN_UNUSED_VARIABLE = YES;
				IPHONEOS_DEPLOYMENT_TARGET = 7.1;
				ONLY_ACTIVE_ARCH = YES;
				SDKROOT = iphoneos;
			};
			name = Debug;
		};
		D7C1110C198DBD1B008B2602 /* Release */ = {
			isa = XCBuildConfiguration;
			buildSettings = {
				ALWAYS_SEARCH_USER_PATHS = NO;
				CLANG_CXX_LANGUAGE_STANDARD = "gnu++0x";
				CLANG_CXX_LIBRARY = "libc++";
				CLANG_ENABLE_MODULES = YES;
				CLANG_ENABLE_OBJC_ARC = YES;
				CLANG_WARN_BOOL_CONVERSION = YES;
				CLANG_WARN_CONSTANT_CONVERSION = YES;
				CLANG_WARN_DIRECT_OBJC_ISA_USAGE = YES_ERROR;
				CLANG_WARN_EMPTY_BODY = YES;
				CLANG_WARN_ENUM_CONVERSION = YES;
				CLANG_WARN_INT_CONVERSION = YES;
				CLANG_WARN_OBJC_ROOT_CLASS = YES_ERROR;
				CLANG_WARN__DUPLICATE_METHOD_MATCH = YES;
				"CODE_SIGN_IDENTITY[sdk=iphoneos*]" = "iPhone Developer";
				COPY_PHASE_STRIP = YES;
				ENABLE_NS_ASSERTIONS = NO;
				GCC_C_LANGUAGE_STANDARD = gnu99;
				GCC_WARN_64_TO_32_BIT_CONVERSION = YES;
				GCC_WARN_ABOUT_RETURN_TYPE = YES_ERROR;
				GCC_WARN_UNDECLARED_SELECTOR = YES;
				GCC_WARN_UNINITIALIZED_AUTOS = YES_AGGRESSIVE;
				GCC_WARN_UNUSED_FUNCTION = YES;
				GCC_WARN_UNUSED_VARIABLE = YES;
				IPHONEOS_DEPLOYMENT_TARGET = 7.1;
				SDKROOT = iphoneos;
				VALIDATE_PRODUCT = YES;
			};
			name = Release;
		};
		D7C1110E198DBD1B008B2602 /* Debug */ = {
			isa = XCBuildConfiguration;
			buildSettings = {
				ASSETCATALOG_COMPILER_APPICON_NAME = AppIcon;
				ASSETCATALOG_COMPILER_LAUNCHIMAGE_NAME = LaunchImage;
				GCC_PRECOMPILE_PREFIX_HEADER = YES;
				GCC_PREFIX_HEADER = "ImageParser/ImageParser-Prefix.pch";
				INFOPLIST_FILE = "ImageParser/ImageParser-Info.plist";
				PRODUCT_NAME = "$(TARGET_NAME)";
				WRAPPER_EXTENSION = app;
			};
			name = Debug;
		};
		D7C1110F198DBD1B008B2602 /* Release */ = {
			isa = XCBuildConfiguration;
			buildSettings = {
				ASSETCATALOG_COMPILER_APPICON_NAME = AppIcon;
				ASSETCATALOG_COMPILER_LAUNCHIMAGE_NAME = LaunchImage;
				GCC_PRECOMPILE_PREFIX_HEADER = YES;
				GCC_PREFIX_HEADER = "ImageParser/ImageParser-Prefix.pch";
				INFOPLIST_FILE = "ImageParser/ImageParser-Info.plist";
				PRODUCT_NAME = "$(TARGET_NAME)";
				WRAPPER_EXTENSION = app;
			};
			name = Release;
		};
		D7C11111198DBD1B008B2602 /* Debug */ = {
			isa = XCBuildConfiguration;
			buildSettings = {
				BUNDLE_LOADER = "$(BUILT_PRODUCTS_DIR)/ImageParser.app/ImageParser";
				FRAMEWORK_SEARCH_PATHS = (
					"$(SDKROOT)/Developer/Library/Frameworks",
					"$(inherited)",
					"$(DEVELOPER_FRAMEWORKS_DIR)",
				);
				GCC_PRECOMPILE_PREFIX_HEADER = YES;
				GCC_PREFIX_HEADER = "ImageParser/ImageParser-Prefix.pch";
				GCC_PREPROCESSOR_DEFINITIONS = (
					"DEBUG=1",
					"$(inherited)",
				);
				INFOPLIST_FILE = "ImageParserTests/ImageParserTests-Info.plist";
				PRODUCT_NAME = "$(TARGET_NAME)";
				TEST_HOST = "$(BUNDLE_LOADER)";
				WRAPPER_EXTENSION = xctest;
			};
			name = Debug;
		};
		D7C11112198DBD1B008B2602 /* Release */ = {
			isa = XCBuildConfiguration;
			buildSettings = {
				BUNDLE_LOADER = "$(BUILT_PRODUCTS_DIR)/ImageParser.app/ImageParser";
				FRAMEWORK_SEARCH_PATHS = (
					"$(SDKROOT)/Developer/Library/Frameworks",
					"$(inherited)",
					"$(DEVELOPER_FRAMEWORKS_DIR)",
				);
				GCC_PRECOMPILE_PREFIX_HEADER = YES;
				GCC_PREFIX_HEADER = "ImageParser/ImageParser-Prefix.pch";
				INFOPLIST_FILE = "ImageParserTests/ImageParserTests-Info.plist";
				PRODUCT_NAME = "$(TARGET_NAME)";
				TEST_HOST = "$(BUNDLE_LOADER)";
				WRAPPER_EXTENSION = xctest;
			};
			name = Release;
		};
/* End XCBuildConfiguration section */

/* Begin XCConfigurationList section */
		D7C110DC198DBD1B008B2602 /* Build configuration list for PBXProject "ImageParser" */ = {
			isa = XCConfigurationList;
			buildConfigurations = (
				D7C1110B198DBD1B008B2602 /* Debug */,
				D7C1110C198DBD1B008B2602 /* Release */,
			);
			defaultConfigurationIsVisible = 0;
			defaultConfigurationName = Release;
		};
		D7C1110D198DBD1B008B2602 /* Build configuration list for PBXNativeTarget "ImageParser" */ = {
			isa = XCConfigurationList;
			buildConfigurations = (
				D7C1110E198DBD1B008B2602 /* Debug */,
				D7C1110F198DBD1B008B2602 /* Release */,
			);
			defaultConfigurationIsVisible = 0;
		};
		D7C11110198DBD1B008B2602 /* Build configuration list for PBXNativeTarget "ImageParserTests" */ = {
			isa = XCConfigurationList;
			buildConfigurations = (
				D7C11111198DBD1B008B2602 /* Debug */,
				D7C11112198DBD1B008B2602 /* Release */,
			);
			defaultConfigurationIsVisible = 0;
		};
/* End XCConfigurationList section */
	};
	rootObject = D7C110D9198DBD1B008B2602 /* Project object */;
}
